
Microsoft Visual Studio Solution File, Format Version 12.00
# Visual Studio 15
VisualStudioVersion = 15.0.27703.2018
MinimumVisualStudioVersion = 10.0.40219.1
Project("{FAE04EC0-301F-11D3-BF4B-00C04F79EFBC}") = "Amrious2.Android", "Amrious2\Amrious2.Android\Amrious2.Android.csproj", "{1232E2B1-33BE-4D0C-B364-AE2364DA0D4F}"
EndProject
Project("{FAE04EC0-301F-11D3-BF4B-00C04F79EFBC}") = "Amrious2.iOS", "Amrious2\Amrious2.iOS\Amrious2.iOS.csproj", "{66EE5C1B-2553-4478-A083-3CF28EB9ED02}"
EndProject
Project("{FAE04EC0-301F-11D3-BF4B-00C04F79EFBC}") = "Amrious2.UWP", "Amrious2\Amrious2.UWP\Amrious2.UWP.csproj", "{D1571A03-B377-4B26-8D47-9121CCEA6804}"
EndProject
Project("{D954291E-2A0B-460D-934E-DC6B0785DB48}") = "Amrious2", "Amrious2\Amrious2\Amrious2.shproj", "{F09E80D0-7E16-464E-94C9-97C6D3FD78BD}"
EndProject
Global
	GlobalSection(SharedMSBuildProjectFiles) = preSolution
		Amrious2\Amrious2\Amrious2.projitems*{1232e2b1-33be-4d0c-b364-ae2364da0d4f}*SharedItemsImports = 4
		Amrious2\Amrious2\Amrious2.projitems*{66ee5c1b-2553-4478-a083-3cf28eb9ed02}*SharedItemsImports = 4
		Amrious2\Amrious2\Amrious2.projitems*{d1571a03-b377-4b26-8d47-9121ccea6804}*SharedItemsImports = 4
		Amrious2\Amrious2\Amrious2.projitems*{f09e80d0-7e16-464e-94c9-97c6d3fd78bd}*SharedItemsImports = 13
	EndGlobalSection
	GlobalSection(SolutionConfigurationPlatforms) = preSolution
		Ad-Hoc|Any CPU = Ad-Hoc|Any CPU
		Ad-Hoc|ARM = Ad-Hoc|ARM
		Ad-Hoc|iPhone = Ad-Hoc|iPhone
		Ad-Hoc|iPhoneSimulator = Ad-Hoc|iPhoneSimulator
		Ad-Hoc|x64 = Ad-Hoc|x64
		Ad-Hoc|x86 = Ad-Hoc|x86
		AppStore|Any CPU = AppStore|Any CPU
		AppStore|ARM = AppStore|ARM
		AppStore|iPhone = AppStore|iPhone
		AppStore|iPhoneSimulator = AppStore|iPhoneSimulator
		AppStore|x64 = AppStore|x64
		AppStore|x86 = AppStore|x86
		Debug|Any CPU = Debug|Any CPU
		Debug|ARM = Debug|ARM
		Debug|iPhone = Debug|iPhone
		Debug|iPhoneSimulator = Debug|iPhoneSimulator
		Debug|x64 = Debug|x64
		Debug|x86 = Debug|x86
		Release|Any CPU = Release|Any CPU
		Release|ARM = Release|ARM
		Release|iPhone = Release|iPhone
		Release|iPhoneSimulator = Release|iPhoneSimulator
		Release|x64 = Release|x64
		Release|x86 = Release|x86
	EndGlobalSection
	GlobalSection(ProjectConfigurationPlatforms) = postSolution
		{1232E2B1-33BE-4D0C-B364-AE2364DA0D4F}.Ad-Hoc|Any CPU.ActiveCfg = Release|Any CPU
		{1232E2B1-33BE-4D0C-B364-AE2364DA0D4F}.Ad-Hoc|Any CPU.Build.0 = Release|Any CPU
		{1232E2B1-33BE-4D0C-B364-AE2364DA0D4F}.Ad-Hoc|Any CPU.Deploy.0 = Release|Any CPU
		{1232E2B1-33BE-4D0C-B364-AE2364DA0D4F}.Ad-Hoc|ARM.ActiveCfg = Release|Any CPU
		{1232E2B1-33BE-4D0C-B364-AE2364DA0D4F}.Ad-Hoc|ARM.Build.0 = Release|Any CPU
		{1232E2B1-33BE-4D0C-B364-AE2364DA0D4F}.Ad-Hoc|ARM.Deploy.0 = Release|Any CPU
		{1232E2B1-33BE-4D0C-B364-AE2364DA0D4F}.Ad-Hoc|iPhone.ActiveCfg = Release|Any CPU
		{1232E2B1-33BE-4D0C-B364-AE2364DA0D4F}.Ad-Hoc|iPhone.Build.0 = Release|Any CPU
		{1232E2B1-33BE-4D0C-B364-AE2364DA0D4F}.Ad-Hoc|iPhone.Deploy.0 = Release|Any CPU
		{1232E2B1-33BE-4D0C-B364-AE2364DA0D4F}.Ad-Hoc|iPhoneSimulator.ActiveCfg = Release|Any CPU
		{1232E2B1-33BE-4D0C-B364-AE2364DA0D4F}.Ad-Hoc|iPhoneSimulator.Build.0 = Release|Any CPU
		{1232E2B1-33BE-4D0C-B364-AE2364DA0D4F}.Ad-Hoc|iPhoneSimulator.Deploy.0 = Release|Any CPU
		{1232E2B1-33BE-4D0C-B364-AE2364DA0D4F}.Ad-Hoc|x64.ActiveCfg = Release|Any CPU
		{1232E2B1-33BE-4D0C-B364-AE2364DA0D4F}.Ad-Hoc|x64.Build.0 = Release|Any CPU
		{1232E2B1-33BE-4D0C-B364-AE2364DA0D4F}.Ad-Hoc|x64.Deploy.0 = Release|Any CPU
		{1232E2B1-33BE-4D0C-B364-AE2364DA0D4F}.Ad-Hoc|x86.ActiveCfg = Release|Any CPU
		{1232E2B1-33BE-4D0C-B364-AE2364DA0D4F}.Ad-Hoc|x86.Build.0 = Release|Any CPU
		{1232E2B1-33BE-4D0C-B364-AE2364DA0D4F}.Ad-Hoc|x86.Deploy.0 = Release|Any CPU
		{1232E2B1-33BE-4D0C-B364-AE2364DA0D4F}.AppStore|Any CPU.ActiveCfg = Release|Any CPU
		{1232E2B1-33BE-4D0C-B364-AE2364DA0D4F}.AppStore|Any CPU.Build.0 = Release|Any CPU
		{1232E2B1-33BE-4D0C-B364-AE2364DA0D4F}.AppStore|Any CPU.Deploy.0 = Release|Any CPU
		{1232E2B1-33BE-4D0C-B364-AE2364DA0D4F}.AppStore|ARM.ActiveCfg = Release|Any CPU
		{1232E2B1-33BE-4D0C-B364-AE2364DA0D4F}.AppStore|ARM.Build.0 = Release|Any CPU
		{1232E2B1-33BE-4D0C-B364-AE2364DA0D4F}.AppStore|ARM.Deploy.0 = Release|Any CPU
		{1232E2B1-33BE-4D0C-B364-AE2364DA0D4F}.AppStore|iPhone.ActiveCfg = Release|Any CPU
		{1232E2B1-33BE-4D0C-B364-AE2364DA0D4F}.AppStore|iPhone.Build.0 = Release|Any CPU
		{1232E2B1-33BE-4D0C-B364-AE2364DA0D4F}.AppStore|iPhone.Deploy.0 = Release|Any CPU
		{1232E2B1-33BE-4D0C-B364-AE2364DA0D4F}.AppStore|iPhoneSimulator.ActiveCfg = Release|Any CPU
		{1232E2B1-33BE-4D0C-B364-AE2364DA0D4F}.AppStore|iPhoneSimulator.Build.0 = Release|Any CPU
		{1232E2B1-33BE-4D0C-B364-AE2364DA0D4F}.AppStore|iPhoneSimulator.Deploy.0 = Release|Any CPU
		{1232E2B1-33BE-4D0C-B364-AE2364DA0D4F}.AppStore|x64.ActiveCfg = Release|Any CPU
		{1232E2B1-33BE-4D0C-B364-AE2364DA0D4F}.AppStore|x64.Build.0 = Release|Any CPU
		{1232E2B1-33BE-4D0C-B364-AE2364DA0D4F}.AppStore|x64.Deploy.0 = Release|Any CPU
		{1232E2B1-33BE-4D0C-B364-AE2364DA0D4F}.AppStore|x86.ActiveCfg = Release|Any CPU
		{1232E2B1-33BE-4D0C-B364-AE2364DA0D4F}.AppStore|x86.Build.0 = Release|Any CPU
		{1232E2B1-33BE-4D0C-B364-AE2364DA0D4F}.AppStore|x86.Deploy.0 = Release|Any CPU
		{1232E2B1-33BE-4D0C-B364-AE2364DA0D4F}.Debug|Any CPU.ActiveCfg = Debug|Any CPU
		{1232E2B1-33BE-4D0C-B364-AE2364DA0D4F}.Debug|Any CPU.Build.0 = Debug|Any CPU
		{1232E2B1-33BE-4D0C-B364-AE2364DA0D4F}.Debug|Any CPU.Deploy.0 = Debug|Any CPU
		{1232E2B1-33BE-4D0C-B364-AE2364DA0D4F}.Debug|ARM.ActiveCfg = Debug|Any CPU
		{1232E2B1-33BE-4D0C-B364-AE2364DA0D4F}.Debug|ARM.Build.0 = Debug|Any CPU
		{1232E2B1-33BE-4D0C-B364-AE2364DA0D4F}.Debug|ARM.Deploy.0 = Debug|Any CPU
		{1232E2B1-33BE-4D0C-B364-AE2364DA0D4F}.Debug|iPhone.ActiveCfg = Debug|Any CPU
		{1232E2B1-33BE-4D0C-B364-AE2364DA0D4F}.Debug|iPhone.Build.0 = Debug|Any CPU
		{1232E2B1-33BE-4D0C-B364-AE2364DA0D4F}.Debug|iPhone.Deploy.0 = Debug|Any CPU
		{1232E2B1-33BE-4D0C-B364-AE2364DA0D4F}.Debug|iPhoneSimulator.ActiveCfg = Debug|Any CPU
		{1232E2B1-33BE-4D0C-B364-AE2364DA0D4F}.Debug|iPhoneSimulator.Build.0 = Debug|Any CPU
		{1232E2B1-33BE-4D0C-B364-AE2364DA0D4F}.Debug|iPhoneSimulator.Deploy.0 = Debug|Any CPU
		{1232E2B1-33BE-4D0C-B364-AE2364DA0D4F}.Debug|x64.ActiveCfg = Debug|Any CPU
		{1232E2B1-33BE-4D0C-B364-AE2364DA0D4F}.Debug|x64.Build.0 = Debug|Any CPU
		{1232E2B1-33BE-4D0C-B364-AE2364DA0D4F}.Debug|x64.Deploy.0 = Debug|Any CPU
		{1232E2B1-33BE-4D0C-B364-AE2364DA0D4F}.Debug|x86.ActiveCfg = Debug|Any CPU
		{1232E2B1-33BE-4D0C-B364-AE2364DA0D4F}.Debug|x86.Build.0 = Debug|Any CPU
		{1232E2B1-33BE-4D0C-B364-AE2364DA0D4F}.Debug|x86.Deploy.0 = Debug|Any CPU
		{1232E2B1-33BE-4D0C-B364-AE2364DA0D4F}.Release|Any CPU.ActiveCfg = Release|Any CPU
		{1232E2B1-33BE-4D0C-B364-AE2364DA0D4F}.Release|Any CPU.Build.0 = Release|Any CPU
		{1232E2B1-33BE-4D0C-B364-AE2364DA0D4F}.Release|Any CPU.Deploy.0 = Release|Any CPU
		{1232E2B1-33BE-4D0C-B364-AE2364DA0D4F}.Release|ARM.ActiveCfg = Release|Any CPU
		{1232E2B1-33BE-4D0C-B364-AE2364DA0D4F}.Release|ARM.Build.0 = Release|Any CPU
		{1232E2B1-33BE-4D0C-B364-AE2364DA0D4F}.Release|ARM.Deploy.0 = Release|Any CPU
		{1232E2B1-33BE-4D0C-B364-AE2364DA0D4F}.Release|iPhone.ActiveCfg = Release|Any CPU
		{1232E2B1-33BE-4D0C-B364-AE2364DA0D4F}.Release|iPhone.Build.0 = Release|Any CPU
		{1232E2B1-33BE-4D0C-B364-AE2364DA0D4F}.Release|iPhone.Deploy.0 = Release|Any CPU
		{1232E2B1-33BE-4D0C-B364-AE2364DA0D4F}.Release|iPhoneSimulator.ActiveCfg = Release|Any CPU
		{1232E2B1-33BE-4D0C-B364-AE2364DA0D4F}.Release|iPhoneSimulator.Build.0 = Release|Any CPU
		{1232E2B1-33BE-4D0C-B364-AE2364DA0D4F}.Release|iPhoneSimulator.Deploy.0 = Release|Any CPU
		{1232E2B1-33BE-4D0C-B364-AE2364DA0D4F}.Release|x64.ActiveCfg = Release|Any CPU
		{1232E2B1-33BE-4D0C-B364-AE2364DA0D4F}.Release|x64.Build.0 = Release|Any CPU
		{1232E2B1-33BE-4D0C-B364-AE2364DA0D4F}.Release|x64.Deploy.0 = Release|Any CPU
		{1232E2B1-33BE-4D0C-B364-AE2364DA0D4F}.Release|x86.ActiveCfg = Release|Any CPU
		{1232E2B1-33BE-4D0C-B364-AE2364DA0D4F}.Release|x86.Build.0 = Release|Any CPU
		{1232E2B1-33BE-4D0C-B364-AE2364DA0D4F}.Release|x86.Deploy.0 = Release|Any CPU
		{66EE5C1B-2553-4478-A083-3CF28EB9ED02}.Ad-Hoc|Any CPU.ActiveCfg = Ad-Hoc|iPhone
		{66EE5C1B-2553-4478-A083-3CF28EB9ED02}.Ad-Hoc|Any CPU.Build.0 = Ad-Hoc|iPhone
		{66EE5C1B-2553-4478-A083-3CF28EB9ED02}.Ad-Hoc|Any CPU.Deploy.0 = Ad-Hoc|iPhone
		{66EE5C1B-2553-4478-A083-3CF28EB9ED02}.Ad-Hoc|ARM.ActiveCfg = Ad-Hoc|iPhone
		{66EE5C1B-2553-4478-A083-3CF28EB9ED02}.Ad-Hoc|ARM.Build.0 = Ad-Hoc|iPhone
		{66EE5C1B-2553-4478-A083-3CF28EB9ED02}.Ad-Hoc|ARM.Deploy.0 = Ad-Hoc|iPhone
		{66EE5C1B-2553-4478-A083-3CF28EB9ED02}.Ad-Hoc|iPhone.ActiveCfg = Ad-Hoc|iPhone
		{66EE5C1B-2553-4478-A083-3CF28EB9ED02}.Ad-Hoc|iPhone.Build.0 = Ad-Hoc|iPhone
		{66EE5C1B-2553-4478-A083-3CF28EB9ED02}.Ad-Hoc|iPhone.Deploy.0 = Ad-Hoc|iPhone
		{66EE5C1B-2553-4478-A083-3CF28EB9ED02}.Ad-Hoc|iPhoneSimulator.ActiveCfg = Ad-Hoc|iPhoneSimulator
		{66EE5C1B-2553-4478-A083-3CF28EB9ED02}.Ad-Hoc|iPhoneSimulator.Build.0 = Ad-Hoc|iPhoneSimulator
		{66EE5C1B-2553-4478-A083-3CF28EB9ED02}.Ad-Hoc|iPhoneSimulator.Deploy.0 = Ad-Hoc|iPhoneSimulator
		{66EE5C1B-2553-4478-A083-3CF28EB9ED02}.Ad-Hoc|x64.ActiveCfg = Ad-Hoc|iPhone
		{66EE5C1B-2553-4478-A083-3CF28EB9ED02}.Ad-Hoc|x64.Build.0 = Ad-Hoc|iPhone
		{66EE5C1B-2553-4478-A083-3CF28EB9ED02}.Ad-Hoc|x64.Deploy.0 = Ad-Hoc|iPhone
		{66EE5C1B-2553-4478-A083-3CF28EB9ED02}.Ad-Hoc|x86.ActiveCfg = Ad-Hoc|iPhone
		{66EE5C1B-2553-4478-A083-3CF28EB9ED02}.Ad-Hoc|x86.Build.0 = Ad-Hoc|iPhone
		{66EE5C1B-2553-4478-A083-3CF28EB9ED02}.Ad-Hoc|x86.Deploy.0 = Ad-Hoc|iPhone
		{66EE5C1B-2553-4478-A083-3CF28EB9ED02}.AppStore|Any CPU.ActiveCfg = AppStore|iPhone
		{66EE5C1B-2553-4478-A083-3CF28EB9ED02}.AppStore|Any CPU.Build.0 = AppStore|iPhone
		{66EE5C1B-2553-4478-A083-3CF28EB9ED02}.AppStore|Any CPU.Deploy.0 = AppStore|iPhone
		{66EE5C1B-2553-4478-A083-3CF28EB9ED02}.AppStore|ARM.ActiveCfg = AppStore|iPhone
		{66EE5C1B-2553-4478-A083-3CF28EB9ED02}.AppStore|ARM.Build.0 = AppStore|iPhone
		{66EE5C1B-2553-4478-A083-3CF28EB9ED02}.AppStore|ARM.Deploy.0 = AppStore|iPhone
		{66EE5C1B-2553-4478-A083-3CF28EB9ED02}.AppStore|iPhone.ActiveCfg = AppStore|iPhone
		{66EE5C1B-2553-4478-A083-3CF28EB9ED02}.AppStore|iPhone.Build.0 = AppStore|iPhone
		{66EE5C1B-2553-4478-A083-3CF28EB9ED02}.AppStore|iPhone.Deploy.0 = AppStore|iPhone
		{66EE5C1B-2553-4478-A083-3CF28EB9ED02}.AppStore|iPhoneSimulator.ActiveCfg = AppStore|iPhoneSimulator
		{66EE5C1B-2553-4478-A083-3CF28EB9ED02}.AppStore|iPhoneSimulator.Build.0 = AppStore|iPhoneSimulator
		{66EE5C1B-2553-4478-A083-3CF28EB9ED02}.AppStore|iPhoneSimulator.Deploy.0 = AppStore|iPhoneSimulator
		{66EE5C1B-2553-4478-A083-3CF28EB9ED02}.AppStore|x64.ActiveCfg = AppStore|iPhone
		{66EE5C1B-2553-4478-A083-3CF28EB9ED02}.AppStore|x64.Build.0 = AppStore|iPhone
		{66EE5C1B-2553-4478-A083-3CF28EB9ED02}.AppStore|x64.Deploy.0 = AppStore|iPhone
		{66EE5C1B-2553-4478-A083-3CF28EB9ED02}.AppStore|x86.ActiveCfg = AppStore|iPhone
		{66EE5C1B-2553-4478-A083-3CF28EB9ED02}.AppStore|x86.Build.0 = AppStore|iPhone
		{66EE5C1B-2553-4478-A083-3CF28EB9ED02}.AppStore|x86.Deploy.0 = AppStore|iPhone
		{66EE5C1B-2553-4478-A083-3CF28EB9ED02}.Debug|Any CPU.ActiveCfg = Debug|iPhoneSimulator
		{66EE5C1B-2553-4478-A083-3CF28EB9ED02}.Debug|Any CPU.Build.0 = Debug|iPhoneSimulator
		{66EE5C1B-2553-4478-A083-3CF28EB9ED02}.Debug|Any CPU.Deploy.0 = Debug|iPhoneSimulator
		{66EE5C1B-2553-4478-A083-3CF28EB9ED02}.Debug|ARM.ActiveCfg = Debug|iPhone
		{66EE5C1B-2553-4478-A083-3CF28EB9ED02}.Debug|ARM.Build.0 = Debug|iPhone
		{66EE5C1B-2553-4478-A083-3CF28EB9ED02}.Debug|ARM.Deploy.0 = Debug|iPhone
		{66EE5C1B-2553-4478-A083-3CF28EB9ED02}.Debug|iPhone.ActiveCfg = Debug|iPhone
		{66EE5C1B-2553-4478-A083-3CF28EB9ED02}.Debug|iPhone.Build.0 = Debug|iPhone
		{66EE5C1B-2553-4478-A083-3CF28EB9ED02}.Debug|iPhone.Deploy.0 = Debug|iPhone
		{66EE5C1B-2553-4478-A083-3CF28EB9ED02}.Debug|iPhoneSimulator.ActiveCfg = Debug|iPhoneSimulator
		{66EE5C1B-2553-4478-A083-3CF28EB9ED02}.Debug|iPhoneSimulator.Build.0 = Debug|iPhoneSimulator
		{66EE5C1B-2553-4478-A083-3CF28EB9ED02}.Debug|iPhoneSimulator.Deploy.0 = Debug|iPhoneSimulator
		{66EE5C1B-2553-4478-A083-3CF28EB9ED02}.Debug|x64.ActiveCfg = Debug|iPhone
		{66EE5C1B-2553-4478-A083-3CF28EB9ED02}.Debug|x64.Build.0 = Debug|iPhone
		{66EE5C1B-2553-4478-A083-3CF28EB9ED02}.Debug|x64.Deploy.0 = Debug|iPhone
		{66EE5C1B-2553-4478-A083-3CF28EB9ED02}.Debug|x86.ActiveCfg = Debug|iPhone
		{66EE5C1B-2553-4478-A083-3CF28EB9ED02}.Debug|x86.Build.0 = Debug|iPhone
		{66EE5C1B-2553-4478-A083-3CF28EB9ED02}.Debug|x86.Deploy.0 = Debug|iPhone
		{66EE5C1B-2553-4478-A083-3CF28EB9ED02}.Release|Any CPU.ActiveCfg = Release|iPhone
		{66EE5C1B-2553-4478-A083-3CF28EB9ED02}.Release|Any CPU.Build.0 = Release|iPhone
		{66EE5C1B-2553-4478-A083-3CF28EB9ED02}.Release|Any CPU.Deploy.0 = Release|iPhone
		{66EE5C1B-2553-4478-A083-3CF28EB9ED02}.Release|ARM.ActiveCfg = Release|iPhone
		{66EE5C1B-2553-4478-A083-3CF28EB9ED02}.Release|ARM.Build.0 = Release|iPhone
		{66EE5C1B-2553-4478-A083-3CF28EB9ED02}.Release|ARM.Deploy.0 = Release|iPhone
		{66EE5C1B-2553-4478-A083-3CF28EB9ED02}.Release|iPhone.ActiveCfg = Release|iPhone
		{66EE5C1B-2553-4478-A083-3CF28EB9ED02}.Release|iPhone.Build.0 = Release|iPhone
		{66EE5C1B-2553-4478-A083-3CF28EB9ED02}.Release|iPhone.Deploy.0 = Release|iPhone
		{66EE5C1B-2553-4478-A083-3CF28EB9ED02}.Release|iPhoneSimulator.ActiveCfg = Release|iPhoneSimulator
		{66EE5C1B-2553-4478-A083-3CF28EB9ED02}.Release|iPhoneSimulator.Build.0 = Release|iPhoneSimulator
		{66EE5C1B-2553-4478-A083-3CF28EB9ED02}.Release|iPhoneSimulator.Deploy.0 = Release|iPhoneSimulator
		{66EE5C1B-2553-4478-A083-3CF28EB9ED02}.Release|x64.ActiveCfg = Release|iPhone
		{66EE5C1B-2553-4478-A083-3CF28EB9ED02}.Release|x64.Build.0 = Release|iPhone
		{66EE5C1B-2553-4478-A083-3CF28EB9ED02}.Release|x64.Deploy.0 = Release|iPhone
		{66EE5C1B-2553-4478-A083-3CF28EB9ED02}.Release|x86.ActiveCfg = Release|iPhone
		{66EE5C1B-2553-4478-A083-3CF28EB9ED02}.Release|x86.Build.0 = Release|iPhone
		{66EE5C1B-2553-4478-A083-3CF28EB9ED02}.Release|x86.Deploy.0 = Release|iPhone
		{D1571A03-B377-4B26-8D47-9121CCEA6804}.Ad-Hoc|Any CPU.ActiveCfg = Release|x86
		{D1571A03-B377-4B26-8D47-9121CCEA6804}.Ad-Hoc|Any CPU.Build.0 = Release|x86
		{D1571A03-B377-4B26-8D47-9121CCEA6804}.Ad-Hoc|Any CPU.Deploy.0 = Release|x86
		{D1571A03-B377-4B26-8D47-9121CCEA6804}.Ad-Hoc|ARM.ActiveCfg = Release|ARM
		{D1571A03-B377-4B26-8D47-9121CCEA6804}.Ad-Hoc|ARM.Build.0 = Release|ARM
		{D1571A03-B377-4B26-8D47-9121CCEA6804}.Ad-Hoc|ARM.Deploy.0 = Release|ARM
		{D1571A03-B377-4B26-8D47-9121CCEA6804}.Ad-Hoc|iPhone.ActiveCfg = Release|x86
		{D1571A03-B377-4B26-8D47-9121CCEA6804}.Ad-Hoc|iPhone.Build.0 = Release|x86
		{D1571A03-B377-4B26-8D47-9121CCEA6804}.Ad-Hoc|iPhone.Deploy.0 = Release|x86
		{D1571A03-B377-4B26-8D47-9121CCEA6804}.Ad-Hoc|iPhoneSimulator.ActiveCfg = Release|x86
		{D1571A03-B377-4B26-8D47-9121CCEA6804}.Ad-Hoc|iPhoneSimulator.Build.0 = Release|x86
		{D1571A03-B377-4B26-8D47-9121CCEA6804}.Ad-Hoc|iPhoneSimulator.Deploy.0 = Release|x86
		{D1571A03-B377-4B26-8D47-9121CCEA6804}.Ad-Hoc|x64.ActiveCfg = Release|x64
		{D1571A03-B377-4B26-8D47-9121CCEA6804}.Ad-Hoc|x64.Build.0 = Release|x64
		{D1571A03-B377-4B26-8D47-9121CCEA6804}.Ad-Hoc|x64.Deploy.0 = Release|x64
		{D1571A03-B377-4B26-8D47-9121CCEA6804}.Ad-Hoc|x86.ActiveCfg = Release|x86
		{D1571A03-B377-4B26-8D47-9121CCEA6804}.Ad-Hoc|x86.Build.0 = Release|x86
		{D1571A03-B377-4B26-8D47-9121CCEA6804}.Ad-Hoc|x86.Deploy.0 = Release|x86
		{D1571A03-B377-4B26-8D47-9121CCEA6804}.AppStore|Any CPU.ActiveCfg = Release|x86
		{D1571A03-B377-4B26-8D47-9121CCEA6804}.AppStore|Any CPU.Build.0 = Release|x86
		{D1571A03-B377-4B26-8D47-9121CCEA6804}.AppStore|Any CPU.Deploy.0 = Release|x86
		{D1571A03-B377-4B26-8D47-9121CCEA6804}.AppStore|ARM.ActiveCfg = Release|ARM
		{D1571A03-B377-4B26-8D47-9121CCEA6804}.AppStore|ARM.Build.0 = Release|ARM
		{D1571A03-B377-4B26-8D47-9121CCEA6804}.AppStore|ARM.Deploy.0 = Release|ARM
		{D1571A03-B377-4B26-8D47-9121CCEA6804}.AppStore|iPhone.ActiveCfg = Release|x86
		{D1571A03-B377-4B26-8D47-9121CCEA6804}.AppStore|iPhone.Build.0 = Release|x86
		{D1571A03-B377-4B26-8D47-9121CCEA6804}.AppStore|iPhone.Deploy.0 = Release|x86
		{D1571A03-B377-4B26-8D47-9121CCEA6804}.AppStore|iPhoneSimulator.ActiveCfg = Release|x86
		{D1571A03-B377-4B26-8D47-9121CCEA6804}.AppStore|iPhoneSimulator.Build.0 = Release|x86
		{D1571A03-B377-4B26-8D47-9121CCEA6804}.AppStore|iPhoneSimulator.Deploy.0 = Release|x86
		{D1571A03-B377-4B26-8D47-9121CCEA6804}.AppStore|x64.ActiveCfg = Release|x64
		{D1571A03-B377-4B26-8D47-9121CCEA6804}.AppStore|x64.Build.0 = Release|x64
		{D1571A03-B377-4B26-8D47-9121CCEA6804}.AppStore|x64.Deploy.0 = Release|x64
		{D1571A03-B377-4B26-8D47-9121CCEA6804}.AppStore|x86.ActiveCfg = Release|x86
		{D1571A03-B377-4B26-8D47-9121CCEA6804}.AppStore|x86.Build.0 = Release|x86
		{D1571A03-B377-4B26-8D47-9121CCEA6804}.AppStore|x86.Deploy.0 = Release|x86
		{D1571A03-B377-4B26-8D47-9121CCEA6804}.Debug|Any CPU.ActiveCfg = Debug|x86
		{D1571A03-B377-4B26-8D47-9121CCEA6804}.Debug|Any CPU.Build.0 = Debug|x86
		{D1571A03-B377-4B26-8D47-9121CCEA6804}.Debug|Any CPU.Deploy.0 = Debug|x86
		{D1571A03-B377-4B26-8D47-9121CCEA6804}.Debug|ARM.ActiveCfg = Debug|ARM
		{D1571A03-B377-4B26-8D47-9121CCEA6804}.Debug|ARM.Build.0 = Debug|ARM
		{D1571A03-B377-4B26-8D47-9121CCEA6804}.Debug|ARM.Deploy.0 = Debug|ARM
		{D1571A03-B377-4B26-8D47-9121CCEA6804}.Debug|iPhone.ActiveCfg = Debug|x86
		{D1571A03-B377-4B26-8D47-9121CCEA6804}.Debug|iPhone.Build.0 = Debug|x86
		{D1571A03-B377-4B26-8D47-9121CCEA6804}.Debug|iPhone.Deploy.0 = Debug|x86
		{D1571A03-B377-4B26-8D47-9121CCEA6804}.Debug|iPhoneSimulator.ActiveCfg = Debug|x86
		{D1571A03-B377-4B26-8D47-9121CCEA6804}.Debug|iPhoneSimulator.Build.0 = Debug|x86
		{D1571A03-B377-4B26-8D47-9121CCEA6804}.Debug|iPhoneSimulator.Deploy.0 = Debug|x86
		{D1571A03-B377-4B26-8D47-9121CCEA6804}.Debug|x64.ActiveCfg = Debug|x64
		{D1571A03-B377-4B26-8D47-9121CCEA6804}.Debug|x64.Build.0 = Debug|x64
		{D1571A03-B377-4B26-8D47-9121CCEA6804}.Debug|x64.Deploy.0 = Debug|x64
		{D1571A03-B377-4B26-8D47-9121CCEA6804}.Debug|x86.ActiveCfg = Debug|x86
		{D1571A03-B377-4B26-8D47-9121CCEA6804}.Debug|x86.Build.0 = Debug|x86
		{D1571A03-B377-4B26-8D47-9121CCEA6804}.Debug|x86.Deploy.0 = Debug|x86
		{D1571A03-B377-4B26-8D47-9121CCEA6804}.Release|Any CPU.ActiveCfg = Release|x86
		{D1571A03-B377-4B26-8D47-9121CCEA6804}.Release|Any CPU.Build.0 = Release|x86
		{D1571A03-B377-4B26-8D47-9121CCEA6804}.Release|Any CPU.Deploy.0 = Release|x86
		{D1571A03-B377-4B26-8D47-9121CCEA6804}.Release|ARM.ActiveCfg = Release|ARM
		{D1571A03-B377-4B26-8D47-9121CCEA6804}.Release|ARM.Build.0 = Release|ARM
		{D1571A03-B377-4B26-8D47-9121CCEA6804}.Release|ARM.Deploy.0 = Release|ARM
		{D1571A03-B377-4B26-8D47-9121CCEA6804}.Release|iPhone.ActiveCfg = Release|x86
		{D1571A03-B377-4B26-8D47-9121CCEA6804}.Release|iPhone.Build.0 = Release|x86
		{D1571A03-B377-4B26-8D47-9121CCEA6804}.Release|iPhone.Deploy.0 = Release|x86
		{D1571A03-B377-4B26-8D47-9121CCEA6804}.Release|iPhoneSimulator.ActiveCfg = Release|x86
		{D1571A03-B377-4B26-8D47-9121CCEA6804}.Release|iPhoneSimulator.Build.0 = Release|x86
		{D1571A03-B377-4B26-8D47-9121CCEA6804}.Release|iPhoneSimulator.Deploy.0 = Release|x86
		{D1571A03-B377-4B26-8D47-9121CCEA6804}.Release|x64.ActiveCfg = Release|x64
		{D1571A03-B377-4B26-8D47-9121CCEA6804}.Release|x64.Build.0 = Release|x64
		{D1571A03-B377-4B26-8D47-9121CCEA6804}.Release|x64.Deploy.0 = Release|x64
		{D1571A03-B377-4B26-8D47-9121CCEA6804}.Release|x86.ActiveCfg = Release|x86
		{D1571A03-B377-4B26-8D47-9121CCEA6804}.Release|x86.Build.0 = Release|x86
		{D1571A03-B377-4B26-8D47-9121CCEA6804}.Release|x86.Deploy.0 = Release|x86
	EndGlobalSection
	GlobalSection(SolutionProperties) = preSolution
		HideSolutionNode = FALSE
	EndGlobalSection
	GlobalSection(ExtensibilityGlobals) = postSolution
		SolutionGuid = {617A0F7D-C896-4F33-A311-FD1B324446AE}
	EndGlobalSection
EndGlobal
